
Microsoft Visual Studio Solution File, Format Version 12.00
# Visual Studio Version 16
VisualStudioVersion = 16.0.30621.155
MinimumVisualStudioVersion = 10.0.40219.1
Project("{FAE04EC0-301F-11D3-BF4B-00C04F79EFBC}") = "NRC-Fetcher", "NRC-Fetcher\NRC-Fetcher.csproj", "{E0524F68-F8B4-462A-B821-2FBBA879AAA1}"
EndProject
Global
	GlobalSection(SolutionConfigurationPlatforms) = preSolution
		Debug|Any CPU = Debug|Any CPU
		Release|Any CPU = Release|Any CPU
	EndGlobalSection
	GlobalSection(ProjectConfigurationPlatforms) = postSolution
		{E0524F68-F8B4-462A-B821-2FBBA879AAA1}.Debug|Any CPU.ActiveCfg = Debug|Any CPU
		{E0524F68-F8B4-462A-B821-2FBBA879AAA1}.Debug|Any CPU.Build.0 = Debug|Any CPU
		{E0524F68-F8B4-462A-B821-2FBBA879AAA1}.Release|Any CPU.ActiveCfg = Release|Any CPU
		{E0524F68-F8B4-462A-B821-2FBBA879AAA1}.Release|Any CPU.Build.0 = Release|Any CPU
	EndGlobalSection
	GlobalSection(SolutionProperties) = preSolution
		HideSolutionNode = FALSE
	EndGlobalSection
	GlobalSection(ExtensibilityGlobals) = postSolution
		SolutionGuid = {E3DCEFA5-4695-4AB1-ACF7-FB7B89E668A7}
	EndGlobalSection
EndGlobal
